Microsoft Visual Studio Solution File, Format Version 12.00
# Visual Studio Version 17
VisualStudioVersion = 17.5.2.0
MinimumVisualStudioVersion = 10.0.40219.1
Project("{FAE04EC0-301F-11D3-BF4B-00C04F79EFBC}") = "Lab15_Ex01", "Lab15_Ex01\Lab15_Ex01.csproj", "{F5D33564-C3C4-2EF5-7508-4922527202CE}"
EndProject
Global
	GlobalSection(SolutionConfigurationPlatforms) = preSolution
		Debug|Any CPU = Debug|Any CPU
		Release|Any CPU = Release|Any CPU
	EndGlobalSection
	GlobalSection(ProjectConfigurationPlatforms) = postSolution
		{F5D33564-C3C4-2EF5-7508-4922527202CE}.Debug|Any CPU.ActiveCfg = Debug|Any CPU
		{F5D33564-C3C4-2EF5-7508-4922527202CE}.Debug|Any CPU.Build.0 = Debug|Any CPU
		{F5D33564-C3C4-2EF5-7508-4922527202CE}.Release|Any CPU.ActiveCfg = Release|Any CPU
		{F5D33564-C3C4-2EF5-7508-4922527202CE}.Release|Any CPU.Build.0 = Release|Any CPU
	EndGlobalSection
	GlobalSection(SolutionProperties) = preSolution
		HideSolutionNode = FALSE
	EndGlobalSection
	GlobalSection(ExtensibilityGlobals) = postSolution
		SolutionGuid = {88290B7E-97D7-49D8-80DC-A5FC25C37AF8}
	EndGlobalSection
EndGlobal
